
Microsoft Visual Studio Solution File, Format Version 12.00
# Visual Studio Version 17
VisualStudioVersion = 17.0.31919.166
MinimumVisualStudioVersion = 10.0.40219.1
Project("{FAE04EC0-301F-11D3-BF4B-00C04F79EFBC}") = "Ssr", "Ssr.csproj", "{731F87D2-B72E-4FAF-AFA7-0F3D381778A3}"
EndProject
Global
	GlobalSection(SolutionConfigurationPlatforms) = preSolution
		Debug|Any CPU = Debug|Any CPU
		Release|Any CPU = Release|Any CPU
	EndGlobalSection
	GlobalSection(ProjectConfigurationPlatforms) = postSolution
		{731F87D2-B72E-4FAF-AFA7-0F3D381778A3}.Debug|Any CPU.ActiveCfg = Debug|Any CPU
		{731F87D2-B72E-4FAF-AFA7-0F3D381778A3}.Debug|Any CPU.Build.0 = Debug|Any CPU
		{731F87D2-B72E-4FAF-AFA7-0F3D381778A3}.Release|Any CPU.ActiveCfg = Release|Any CPU
		{731F87D2-B72E-4FAF-AFA7-0F3D381778A3}.Release|Any CPU.Build.0 = Release|Any CPU
	EndGlobalSection
	GlobalSection(SolutionProperties) = preSolution
		HideSolutionNode = FALSE
	EndGlobalSection
	GlobalSection(ExtensibilityGlobals) = postSolution
		SolutionGuid = {F31238D8-D675-4B2B-980F-13BBDB93323D}
	EndGlobalSection
EndGlobal
